<?xml version="1.0" encoding="utf-8"?>
<Project ToolsVersion="4.0" xmlns="http://schemas.microsoft.com/developer/msbuild/2003">
  <ItemGroup>
    <Filter Include="Source Files">
      <UniqueIdentifier>{4FC737F1-C7A5-4376-A066-2A32D752A2FF}</UniqueIdentifier>
      <Extensions>cpp;c;cc;cxx;def;odl;idl;hpj;bat;asm;asmx</Extensions>
    </Filter>
    <Filter Include="Header Files">
      <UniqueIdentifier>{93995380-89BD-4b04-88EB-625FBE52EBFB}</UniqueIdentifier>
      <Extensions>h;hpp;hxx;hm;inl;inc;xsd</Extensions>
    </Filter>
    <Filter Include="Resource Files">
      <UniqueIdentifier>{67DA6AB6-F800-4c08-8B7A-83BB121AAD01}</UniqueIdentifier>
      <Extensions>rc;ico;cur;bmp;dlg;rc2;rct;bin;rgs;gif;jpg;jpeg;jpe;resx;tiff;tif;png;wav;mfcribbon-ms</Extensions>
    </Filter>
    <Filter Include="Header Files\AddressLib">
      <UniqueIdentifier>{14d54a43-feef-4099-a532-7f8ed304c920}</UniqueIdentifier>
    </Filter>
    <Filter Include="Header Files\Descriptors">
      <UniqueIdentifier>{529c2231-5ad5-4d67-a059-8de50e3c171d}</UniqueIdentifier>
    </Filter>
    <Filter Include="Header Files\Extraction">
      <UniqueIdentifier>{24d47068-94e5-4284-a125-3b4620ecc356}</UniqueIdentifier>
    </Filter>
  </ItemGroup>
  <ItemGroup>
    <None Include="ReadMe.txt" />
  </ItemGroup>
  <ItemGroup>
    <ClInclude Include="include\AddressLib\address.h">
      <Filter>Header Files\AddressLib</Filter>
    </ClInclude>
    <ClInclude Include="include\AddressLib\inter.h">
      <Filter>Header Files\AddressLib</Filter>
    </ClInclude>
    <ClInclude Include="include\AddressLib\intra.h">
      <Filter>Header Files\AddressLib</Filter>
    </ClInclude>
    <ClInclude Include="include\AddressLib\momusys.h">
      <Filter>Header Files\AddressLib</Filter>
    </ClInclude>
    <ClInclude Include="include\AddressLib\nhood.h">
      <Filter>Header Files\AddressLib</Filter>
    </ClInclude>
    <ClInclude Include="include\AddressLib\vopio.h">
      <Filter>Header Files\AddressLib</Filter>
    </ClInclude>
    <ClInclude Include="include\Descriptors\ColorLayout.h">
      <Filter>Header Files\Descriptors</Filter>
    </ClInclude>
    <ClInclude Include="include\Descriptors\ColorQuant.h">
      <Filter>Header Files\Descriptors</Filter>
    </ClInclude>
    <ClInclude Include="include\Descriptors\ColorSpace.h">
      <Filter>Header Files\Descriptors</Filter>
    </ClInclude>
    <ClInclude Include="include\Descriptors\ColorStructure.h">
      <Filter>Header Files\Descriptors</Filter>
    </ClInclude>
    <ClInclude Include="include\Descriptors\ContourShape.h">
      <Filter>Header Files\Descriptors</Filter>
    </ClInclude>
    <ClInclude Include="include\Descriptors\DominantColor.h">
      <Filter>Header Files\Descriptors</Filter>
    </ClInclude>
    <ClInclude Include="include\Descriptors\EdgeHist.h">
      <Filter>Header Files\Descriptors</Filter>
    </ClInclude>
    <ClInclude Include="include\Descriptors\FaceRecognition.h">
      <Filter>Header Files\Descriptors</Filter>
    </ClInclude>
    <ClInclude Include="include\Descriptors\HomoTexture.h">
      <Filter>Header Files\Descriptors</Filter>
    </ClInclude>
    <ClInclude Include="include\Descriptors\RegionShape.h">
      <Filter>Header Files\Descriptors</Filter>
    </ClInclude>
    <ClInclude Include="include\Descriptors\ScalableColor.h">
      <Filter>Header Files\Descriptors</Filter>
    </ClInclude>
    <ClInclude Include="include\Extraction\ColorLayoutExtraction.h">
      <Filter>Header Files\Extraction</Filter>
    </ClInclude>
    <ClInclude Include="include\Extraction\ColorSpaceExtraction.h">
      <Filter>Header Files\Extraction</Filter>
    </ClInclude>
    <ClInclude Include="include\Extraction\ColorStructureExtraction.h">
      <Filter>Header Files\Extraction</Filter>
    </ClInclude>
    <ClInclude Include="include\Extraction\ContourShapeExtraction.h">
      <Filter>Header Files\Extraction</Filter>
    </ClInclude>
    <ClInclude Include="include\Extraction\DominantColorExtraction.h">
      <Filter>Header Files\Extraction</Filter>
    </ClInclude>
    <ClInclude Include="include\Extraction\EdgeHistExtraction.h">
      <Filter>Header Files\Extraction</Filter>
    </ClInclude>
    <ClInclude Include="include\Extraction\EigenFaceData.h">
      <Filter>Header Files\Extraction</Filter>
    </ClInclude>
    <ClInclude Include="include\Extraction\FaceRecognitionExtraction.h">
      <Filter>Header Files\Extraction</Filter>
    </ClInclude>
    <ClInclude Include="include\Extraction\GoFGoPColorExtraction.h">
      <Filter>Header Files\Extraction</Filter>
    </ClInclude>
    <ClInclude Include="include\Extraction\homo_texture_extractor.h">
      <Filter>Header Files\Extraction</Filter>
    </ClInclude>
    <ClInclude Include="include\Extraction\HomoTextureExtraction.h">
      <Filter>Header Files\Extraction</Filter>
    </ClInclude>
    <ClInclude Include="include\Extraction\imgutil.h">
      <Filter>Header Files\Extraction</Filter>
    </ClInclude>
    <ClInclude Include="include\Extraction\RegionShapeExtraction.h">
      <Filter>Header Files\Extraction</Filter>
    </ClInclude>
    <ClInclude Include="include\Extraction\ScalableColorExtraction.h">
      <Filter>Header Files\Extraction</Filter>
    </ClInclude>
    <ClInclude Include="include\ColorLayout.h">
      <Filter>Header Files</Filter>
    </ClInclude>
    <ClInclude Include="include\ColorStructure.h">
      <Filter>Header Files</Filter>
    </ClInclude>
    <ClInclude Include="include\ContourShape.h">
      <Filter>Header Files</Filter>
    </ClInclude>
    <ClInclude Include="include\Convert.h">
      <Filter>Header Files</Filter>
    </ClInclude>
    <ClInclude Include="include\Descriptors.h">
      <Filter>Header Files</Filter>
    </ClInclude>
    <ClInclude Include="include\DominantColor.h">
      <Filter>Header Files</Filter>
    </ClInclude>
    <ClInclude Include="include\EdgeHistogram.h">
      <Filter>Header Files</Filter>
    </ClInclude>
    <ClInclude Include="include\Feature.h">
      <Filter>Header Files</Filter>
    </ClInclude>
    <ClInclude Include="include\FexWrite.h">
      <Filter>Header Files</Filter>
    </ClInclude>
    <ClInclude Include="include\Frame.h">
      <Filter>Header Files</Filter>
    </ClInclude>
    <ClInclude Include="include\GlobalFeatures.h">
      <Filter>Header Files</Filter>
    </ClInclude>
    <ClInclude Include="include\HomogeneousTexture.h">
      <Filter>Header Files</Filter>
    </ClInclude>
    <ClInclude Include="include\RegionShape.h">
      <Filter>Header Files</Filter>
    </ClInclude>
    <ClInclude Include="include\ScalableColor.h">
      <Filter>Header Files</Filter>
    </ClInclude>
    <ClInclude Include="include\mpeg7_interface.h">
      <Filter>Header Files</Filter>
    </ClInclude>
  </ItemGroup>
  <ItemGroup>
    <ClCompile Include="src\address.cpp">
      <Filter>Source Files</Filter>
    </ClCompile>
    <ClCompile Include="src\ColorLayout.cpp">
      <Filter>Source Files</Filter>
    </ClCompile>
    <ClCompile Include="src\ColorLayoutExt.cpp">
      <Filter>Source Files</Filter>
    </ClCompile>
    <ClCompile Include="src\ColorLayoutExtraction.cpp">
      <Filter>Source Files</Filter>
    </ClCompile>
    <ClCompile Include="src\ColorQuant.cpp">
      <Filter>Source Files</Filter>
    </ClCompile>
    <ClCompile Include="src\ColorSpace.cpp">
      <Filter>Source Files</Filter>
    </ClCompile>
    <ClCompile Include="src\ColorSpaceExtraction.cpp">
      <Filter>Source Files</Filter>
    </ClCompile>
    <ClCompile Include="src\ColorStructure.cpp">
      <Filter>Source Files</Filter>
    </ClCompile>
    <ClCompile Include="src\ColorStructureExt.cpp">
      <Filter>Source Files</Filter>
    </ClCompile>
    <ClCompile Include="src\ColorStructureExtraction.cpp">
      <Filter>Source Files</Filter>
    </ClCompile>
    <ClCompile Include="src\ContourShape.cpp">
      <Filter>Source Files</Filter>
    </ClCompile>
    <ClCompile Include="src\ContourShapeExt.cpp">
      <Filter>Source Files</Filter>
    </ClCompile>
    <ClCompile Include="src\ContourShapeExtraction.cpp">
      <Filter>Source Files</Filter>
    </ClCompile>
    <ClCompile Include="src\ConvertExt.cpp">
      <Filter>Source Files</Filter>
    </ClCompile>
    <ClCompile Include="src\DominantColor.cpp">
      <Filter>Source Files</Filter>
    </ClCompile>
    <ClCompile Include="src\DominantColorExt.cpp">
      <Filter>Source Files</Filter>
    </ClCompile>
    <ClCompile Include="src\DominantColorExtraction.cpp">
      <Filter>Source Files</Filter>
    </ClCompile>
    <ClCompile Include="src\EdgeHist.cpp">
      <Filter>Source Files</Filter>
    </ClCompile>
    <ClCompile Include="src\EdgeHistExtraction.cpp">
      <Filter>Source Files</Filter>
    </ClCompile>
    <ClCompile Include="src\EdgeHistogramExt.cpp">
      <Filter>Source Files</Filter>
    </ClCompile>
    <ClCompile Include="src\FaceRecognition.cpp">
      <Filter>Source Files</Filter>
    </ClCompile>
    <ClCompile Include="src\FaceRecognitionExtraction.cpp">
      <Filter>Source Files</Filter>
    </ClCompile>
    <ClCompile Include="src\FeatureExt.cpp">
      <Filter>Source Files</Filter>
    </ClCompile>
    <ClCompile Include="src\FexWriteExt.cpp">
      <Filter>Source Files</Filter>
    </ClCompile>
    <ClCompile Include="src\FrameExt.cpp">
      <Filter>Source Files</Filter>
    </ClCompile>
    <ClCompile Include="src\GlobalFeaturesExt.cpp">
      <Filter>Source Files</Filter>
    </ClCompile>
    <ClCompile Include="src\GoFGoPColorExtraction.cpp">
      <Filter>Source Files</Filter>
    </ClCompile>
    <ClCompile Include="src\homo_texture_extractor.cpp">
      <Filter>Source Files</Filter>
    </ClCompile>
    <ClCompile Include="src\HomogeneousTextureExt.cpp">
      <Filter>Source Files</Filter>
    </ClCompile>
    <ClCompile Include="src\HomoTexture.cpp">
      <Filter>Source Files</Filter>
    </ClCompile>
    <ClCompile Include="src\HomoTextureExtraction.cpp">
      <Filter>Source Files</Filter>
    </ClCompile>
    <ClCompile Include="src\imgutil.cpp">
      <Filter>Source Files</Filter>
    </ClCompile>
    <ClCompile Include="src\inter.cpp">
      <Filter>Source Files</Filter>
    </ClCompile>
    <ClCompile Include="src\intra.cpp">
      <Filter>Source Files</Filter>
    </ClCompile>
    <ClCompile Include="src\mpeg7_interface.cpp">
      <Filter>Source Files</Filter>
    </ClCompile>
    <ClCompile Include="src\nhood.cpp">
      <Filter>Source Files</Filter>
    </ClCompile>
    <ClCompile Include="src\RegionShape.cpp">
      <Filter>Source Files</Filter>
    </ClCompile>
    <ClCompile Include="src\RegionShapeExt.cpp">
      <Filter>Source Files</Filter>
    </ClCompile>
    <ClCompile Include="src\RegionShapeExtraction.cpp">
      <Filter>Source Files</Filter>
    </ClCompile>
    <ClCompile Include="src\ScalableColor.cpp">
      <Filter>Source Files</Filter>
    </ClCompile>
    <ClCompile Include="src\ScalableColorExt.cpp">
      <Filter>Source Files</Filter>
    </ClCompile>
    <ClCompile Include="src\ScalableColorExtraction.cpp">
      <Filter>Source Files</Filter>
    </ClCompile>
    <ClCompile Include="src\vopio.cpp">
      <Filter>Source Files</Filter>
    </ClCompile>
  </ItemGroup>
</Project>